
Microsoft Visual Studio Solution File, Format Version 12.00
# Visual Studio Version 18
VisualStudioVersion = 18.2.11415.280
MinimumVisualStudioVersion = 10.0.40219.1
Project("{FAE04EC0-301F-11D3-BF4B-00C04F79EFBC}") = "DirectoryService", "DirectoryService.csproj", "{47B9E3A7-6A0B-4434-AA47-09B6BE443F74}"
EndProject
Project("{FAE04EC0-301F-11D3-BF4B-00C04F79EFBC}") = "DirectoryService.Entities", "..\DirectoryService.Entities\DirectoryService.Entities.csproj", "{497AEB85-B216-4AE6-94E0-3605944E784A}"
EndProject
Global
	GlobalSection(SolutionConfigurationPlatforms) = preSolution
		Debug|Any CPU = Debug|Any CPU
		Release|Any CPU = Release|Any CPU
	EndGlobalSection
	GlobalSection(ProjectConfigurationPlatforms) = postSolution
		{47B9E3A7-6A0B-4434-AA47-09B6BE443F74}.Debug|Any CPU.ActiveCfg = Debug|Any CPU
		{47B9E3A7-6A0B-4434-AA47-09B6BE443F74}.Debug|Any CPU.Build.0 = Debug|Any CPU
		{47B9E3A7-6A0B-4434-AA47-09B6BE443F74}.Release|Any CPU.ActiveCfg = Release|Any CPU
		{47B9E3A7-6A0B-4434-AA47-09B6BE443F74}.Release|Any CPU.Build.0 = Release|Any CPU
		{497AEB85-B216-4AE6-94E0-3605944E784A}.Debug|Any CPU.ActiveCfg = Debug|Any CPU
		{497AEB85-B216-4AE6-94E0-3605944E784A}.Debug|Any CPU.Build.0 = Debug|Any CPU
		{497AEB85-B216-4AE6-94E0-3605944E784A}.Release|Any CPU.ActiveCfg = Release|Any CPU
		{497AEB85-B216-4AE6-94E0-3605944E784A}.Release|Any CPU.Build.0 = Release|Any CPU
	EndGlobalSection
	GlobalSection(SolutionProperties) = preSolution
		HideSolutionNode = FALSE
	EndGlobalSection
	GlobalSection(ExtensibilityGlobals) = postSolution
		SolutionGuid = {514AF24C-C688-49B5-8AB1-5C848CF3DCF6}
	EndGlobalSection
EndGlobal
